
Microsoft Visual Studio Solution File, Format Version 12.00
# Visual Studio Version 16
VisualStudioVersion = 16.0.30907.101
MinimumVisualStudioVersion = 10.0.40219.1
Project("{FAE04EC0-301F-11D3-BF4B-00C04F79EFBC}") = "SeriologKibana", "SeriologKibana\SeriologKibana.csproj", "{2F27BF56-711B-4FFA-BBF3-841C62571A59}"
EndProject
Global
	GlobalSection(SolutionConfigurationPlatforms) = preSolution
		Debug|Any CPU = Debug|Any CPU
		Release|Any CPU = Release|Any CPU
	EndGlobalSection
	GlobalSection(ProjectConfigurationPlatforms) = postSolution
		{2F27BF56-711B-4FFA-BBF3-841C62571A59}.Debug|Any CPU.ActiveCfg = Debug|Any CPU
		{2F27BF56-711B-4FFA-BBF3-841C62571A59}.Debug|Any CPU.Build.0 = Debug|Any CPU
		{2F27BF56-711B-4FFA-BBF3-841C62571A59}.Release|Any CPU.ActiveCfg = Release|Any CPU
		{2F27BF56-711B-4FFA-BBF3-841C62571A59}.Release|Any CPU.Build.0 = Release|Any CPU
	EndGlobalSection
	GlobalSection(SolutionProperties) = preSolution
		HideSolutionNode = FALSE
	EndGlobalSection
	GlobalSection(ExtensibilityGlobals) = postSolution
		SolutionGuid = {AB7752F5-3A96-434B-B69A-DCEC7AE607B6}
	EndGlobalSection
EndGlobal
